Microsoft Visual Studio Solution File, Format Version 12.00
# Visual Studio Version 17
VisualStudioVersion = 17.5.2.0
MinimumVisualStudioVersion = 10.0.40219.1
Project("{FAE04EC0-301F-11D3-BF4B-00C04F79EFBC}") = "lab-1-5-console-commands-JBodrero-1", "lab-1-5-console-commands-JBodrero-1.csproj", "{C90C1EF6-4EAB-9F58-ABAE-AD0A07EAD46D}"
EndProject
Global
	GlobalSection(SolutionConfigurationPlatforms) = preSolution
		Debug|Any CPU = Debug|Any CPU
		Release|Any CPU = Release|Any CPU
	EndGlobalSection
	GlobalSection(ProjectConfigurationPlatforms) = postSolution
		{C90C1EF6-4EAB-9F58-ABAE-AD0A07EAD46D}.Debug|Any CPU.ActiveCfg = Debug|Any CPU
		{C90C1EF6-4EAB-9F58-ABAE-AD0A07EAD46D}.Debug|Any CPU.Build.0 = Debug|Any CPU
		{C90C1EF6-4EAB-9F58-ABAE-AD0A07EAD46D}.Release|Any CPU.ActiveCfg = Release|Any CPU
		{C90C1EF6-4EAB-9F58-ABAE-AD0A07EAD46D}.Release|Any CPU.Build.0 = Release|Any CPU
	EndGlobalSection
	GlobalSection(SolutionProperties) = preSolution
		HideSolutionNode = FALSE
	EndGlobalSection
	GlobalSection(ExtensibilityGlobals) = postSolution
		SolutionGuid = {45F5B946-67A7-4AE5-BC90-F7D78EAA398E}
	EndGlobalSection
EndGlobal
